// !$*UTF8*$!
{
	archiveVersion = 1;
	classes = {
	};
	objectVersion = 77;
	objects = {

/* Begin PBXContainerItemProxy section */
		8A28BD3F2D5F9053003F5E80 /* PBXContainerItemProxy */ = {
			isa = PBXContainerItemProxy;
			containerPortal = 8A28BD262D5F9052003F5E80 /* Project object */;
			proxyType = 1;
			remoteGlobalIDString = 8A28BD2D2D5F9052003F5E80;
			remoteInfo = CountriesApp;
		};
		8A28BD492D5F9053003F5E80 /* PBXContainerItemProxy */ = {
			isa = PBXContainerItemProxy;
			containerPortal = 8A28BD262D5F9052003F5E80 /* Project object */;
			proxyType = 1;
			remoteGlobalIDString = 8A28BD2D2D5F9052003F5E80;
			remoteInfo = CountriesApp;
		};
/* End PBXContainerItemProxy section */

/* Begin PBXFileReference section */
		8A28BD2E2D5F9052003F5E80 /* CountriesApp.app */ = {isa = PBXFileReference; explicitFileType = wrapper.application; includeInIndex = 0; path = CountriesApp.app; sourceTree = BUILT_PRODUCTS_DIR; };
		8A28BD3E2D5F9053003F5E80 /* CountriesAppTests.xctest */ = {isa = PBXFileReference; explicitFileType = wrapper.cfbundle; includeInIndex = 0; path = CountriesAppTests.xctest; sourceTree = BUILT_PRODUCTS_DIR; };
		8A28BD482D5F9053003F5E80 /* CountriesAppUITests.xctest */ = {isa = PBXFileReference; explicitFileType = wrapper.cfbundle; includeInIndex = 0; path = CountriesAppUITests.xctest; sourceTree = BUILT_PRODUCTS_DIR; };
/* End PBXFileReference section */

/* Begin PBXFileSystemSynchronizedRootGroup section */
		8A28BD302D5F9052003F5E80 /* CountriesApp */ = {
			isa = PBXFileSystemSynchronizedRootGroup;
			path = CountriesApp;
			sourceTree = "<group>";
		};
		8A28BD412D5F9053003F5E80 /* CountriesAppTests */ = {
			isa = PBXFileSystemSynchronizedRootGroup;
			path = CountriesAppTests;
			sourceTree = "<group>";
		};
		8A28BD4B2D5F9053003F5E80 /* CountriesAppUITests */ = {
			isa = PBXFileSystemSynchronizedRootGroup;
			path = CountriesAppUITests;
			sourceTree = "<group>";
		};
/* End PBXFileSystemSynchronizedRootGroup section */

/* Begin PBXFrameworksBuildPhase section */
		8A28BD2B2D5F9052003F5E80 /* Frameworks */ = {
			isa = PBXFrameworksBuildPhase;
			buildActionMask = 2147483647;
			files = (
			);
			runOnlyForDeploymentPostprocessing = 0;
		};
		8A28BD3B2D5F9053003F5E80 /* Frameworks */ = {
			isa = PBXFrameworksBuildPhase;
			buildActionMask = 2147483647;
			files = (
			);
			runOnlyForDeploymentPostprocessing = 0;
		};
		8A28BD452D5F9053003F5E80 /* Frameworks */ = {
			isa = PBXFrameworksBuildPhase;
			buildActionMask = 2147483647;
			files = (
			);
			runOnlyForDeploymentPostprocessing = 0;
		};
/* End PBXFrameworksBuildPhase section */

/* Begin PBXGroup section */
		8A28BD252D5F9052003F5E80 = {
			isa = PBXGroup;
			children = (
				8A28BD302D5F9052003F5E80 /* CountriesApp */,
				8A28BD412D5F9053003F5E80 /* CountriesAppTests */,
				8A28BD4B2D5F9053003F5E80 /* CountriesAppUITests */,
				8A28BD2F2D5F9052003F5E80 /* Products */,
			);
			sourceTree = "<group>";
		};
		8A28BD2F2D5F9052003F5E80 /* Products */ = {
			isa = PBXGroup;
			children = (
				8A28BD2E2D5F9052003F5E80 /* CountriesApp.app */,
				8A28BD3E2D5F9053003F5E80 /* CountriesAppTests.xctest */,
				8A28BD482D5F9053003F5E80 /* CountriesAppUITests.xctest */,
			);
			name = Products;
			sourceTree = "<group>";
		};
/* End PBXGroup section */

/* Begin PBXNativeTarget section */
		8A28BD2D2D5F9052003F5E80 /* CountriesApp */ = {
			isa = PBXNativeTarget;
			buildConfigurationList = 8A28BD522D5F9053003F5E80 /* Build configuration list for PBXNativeTarget "CountriesApp" */;
			buildPhases = (
				8A28BD2A2D5F9052003F5E80 /* Sources */,
				8A28BD2B2D5F9052003F5E80 /* Frameworks */,
				8A28BD2C2D5F9052003F5E80 /* Resources */,
			);
			buildRules = (
			);
			dependencies = (
			);
			fileSystemSynchronizedGroups = (
				8A28BD302D5F9052003F5E80 /* CountriesApp */,
			);
			name = CountriesApp;
			packageProductDependencies = (
			);
			productName = CountriesApp;
			productReference = 8A28BD2E2D5F9052003F5E80 /* CountriesApp.app */;
			productType = "com.apple.product-type.application";
		};
		8A28BD3D2D5F9053003F5E80 /* CountriesAppTests */ = {
			isa = PBXNativeTarget;
			buildConfigurationList = 8A28BD552D5F9053003F5E80 /* Build configuration list for PBXNativeTarget "CountriesAppTests" */;
			buildPhases = (
				8A28BD3A2D5F9053003F5E80 /* Sources */,
				8A28BD3B2D5F9053003F5E80 /* Frameworks */,
				8A28BD3C2D5F9053003F5E80 /* Resources */,
			);
			buildRules = (
			);
			dependencies = (
				8A28BD402D5F9053003F5E80 /* PBXTargetDependency */,
			);
			fileSystemSynchronizedGroups = (
				8A28BD412D5F9053003F5E80 /* CountriesAppTests */,
			);
			name = CountriesAppTests;
			packageProductDependencies = (
			);
			productName = CountriesAppTests;
			productReference = 8A28BD3E2D5F9053003F5E80 /* CountriesAppTests.xctest */;
			productType = "com.apple.product-type.bundle.unit-test";
		};
		8A28BD472D5F9053003F5E80 /* CountriesAppUITests */ = {
			isa = PBXNativeTarget;
			buildConfigurationList = 8A28BD582D5F9053003F5E80 /* Build configuration list for PBXNativeTarget "CountriesAppUITests" */;
			buildPhases = (
				8A28BD442D5F9053003F5E80 /* Sources */,
				8A28BD452D5F9053003F5E80 /* Frameworks */,
				8A28BD462D5F9053003F5E80 /* Resources */,
			);
			buildRules = (
			);
			dependencies = (
				8A28BD4A2D5F9053003F5E80 /* PBXTargetDependency */,
			);
			fileSystemSynchronizedGroups = (
				8A28BD4B2D5F9053003F5E80 /* CountriesAppUITests */,
			);
			name = CountriesAppUITests;
			packageProductDependencies = (
			);
			productName = CountriesAppUITests;
			productReference = 8A28BD482D5F9053003F5E80 /* CountriesAppUITests.xctest */;
			productType = "com.apple.product-type.bundle.ui-testing";
		};
/* End PBXNativeTarget section */

/* Begin PBXProject section */
		8A28BD262D5F9052003F5E80 /* Project object */ = {
			isa = PBXProject;
			attributes = {
				BuildIndependentTargetsInParallel = 1;
				LastSwiftUpdateCheck = 1620;
				LastUpgradeCheck = 1620;
				TargetAttributes = {
					8A28BD2D2D5F9052003F5E80 = {
						CreatedOnToolsVersion = 16.2;
					};
					8A28BD3D2D5F9053003F5E80 = {
						CreatedOnToolsVersion = 16.2;
						TestTargetID = 8A28BD2D2D5F9052003F5E80;
					};
					8A28BD472D5F9053003F5E80 = {
						CreatedOnToolsVersion = 16.2;
						TestTargetID = 8A28BD2D2D5F9052003F5E80;
					};
				};
			};
			buildConfigurationList = 8A28BD292D5F9052003F5E80 /* Build configuration list for PBXProject "CountriesApp" */;
			developmentRegion = en;
			hasScannedForEncodings = 0;
			knownRegions = (
				en,
				Base,
			);
			mainGroup = 8A28BD252D5F9052003F5E80;
			minimizedProjectReferenceProxies = 1;
			preferredProjectObjectVersion = 77;
			productRefGroup = 8A28BD2F2D5F9052003F5E80 /* Products */;
			projectDirPath = "";
			projectRoot = "";
			targets = (
				8A28BD2D2D5F9052003F5E80 /* CountriesApp */,
				8A28BD3D2D5F9053003F5E80 /* CountriesAppTests */,
				8A28BD472D5F9053003F5E80 /* CountriesAppUITests */,
			);
		};
/* End PBXProject section */

/* Begin PBXResourcesBuildPhase section */
		8A28BD2C2D5F9052003F5E80 /* Resources */ = {
			isa = PBXResourcesBuildPhase;
			buildActionMask = 2147483647;
			files = (
			);
			runOnlyForDeploymentPostprocessing = 0;
		};
		8A28BD3C2D5F9053003F5E80 /* Resources */ = {
			isa = PBXResourcesBuildPhase;
			buildActionMask = 2147483647;
			files = (
			);
			runOnlyForDeploymentPostprocessing = 0;
		};
		8A28BD462D5F9053003F5E80 /* Resources */ = {
			isa = PBXResourcesBuildPhase;
			buildActionMask = 2147483647;
			files = (
			);
			runOnlyForDeploymentPostprocessing = 0;
		};
/* End PBXResourcesBuildPhase section */

/* Begin PBXSourcesBuildPhase section */
		8A28BD2A2D5F9052003F5E80 /* Sources */ = {
			isa = PBXSourcesBuildPhase;
			buildActionMask = 2147483647;
			files = (
			);
			runOnlyForDeploymentPostprocessing = 0;
		};
		8A28BD3A2D5F9053003F5E80 /* Sources */ = {
			isa = PBXSourcesBuildPhase;
			buildActionMask = 2147483647;
			files = (
			);
			runOnlyForDeploymentPostprocessing = 0;
		};
		8A28BD442D5F9053003F5E80 /* Sources */ = {
			isa = PBXSourcesBuildPhase;
			buildActionMask = 2147483647;
			files = (
			);
			runOnlyForDeploymentPostprocessing = 0;
		};
/* End PBXSourcesBuildPhase section */

/* Begin PBXTargetDependency section */
		8A28BD402D5F9053003F5E80 /* PBXTargetDependency */ = {
			isa = PBXTargetDependency;
			target = 8A28BD2D2D5F9052003F5E80 /* CountriesApp */;
			targetProxy = 8A28BD3F2D5F9053003F5E80 /* PBXContainerItemProxy */;
		};
		8A28BD4A2D5F9053003F5E80 /* PBXTargetDependency */ = {
			isa = PBXTargetDependency;
			target = 8A28BD2D2D5F9052003F5E80 /* CountriesApp */;
			targetProxy = 8A28BD492D5F9053003F5E80 /* PBXContainerItemProxy */;
		};
/* End PBXTargetDependency section */

/* Begin XCBuildConfiguration section */
		8A28BD502D5F9053003F5E80 /* Debug */ = {
			isa = XCBuildConfiguration;
			buildSettings = {
				ALWAYS_SEARCH_USER_PATHS = NO;
				ASSETCATALOG_COMPILER_GENERATE_SWIFT_ASSET_SYMBOL_EXTENSIONS = YES;
				CLANG_ANALYZER_NONNULL = YES;
				CLANG_ANALYZER_NUMBER_OBJECT_CONVERSION = YES_AGGRESSIVE;
				CLANG_CXX_LANGUAGE_STANDARD = "gnu++20";
				CLANG_ENABLE_MODULES = YES;
				CLANG_ENABLE_OBJC_ARC = YES;
				CLANG_ENABLE_OBJC_WEAK = YES;
				CLANG_WARN_BLOCK_CAPTURE_AUTORELEASING = YES;
				CLANG_WARN_BOOL_CONVERSION = YES;
				CLANG_WARN_COMMA = YES;
				CLANG_WARN_CONSTANT_CONVERSION = YES;
				CLANG_WARN_DEPRECATED_OBJC_IMPLEMENTATIONS = YES;
				CLANG_WARN_DIRECT_OBJC_ISA_USAGE = YES_ERROR;
				CLANG_WARN_DOCUMENTATION_COMMENTS = YES;
				CLANG_WARN_EMPTY_BODY = YES;
				CLANG_WARN_ENUM_CONVERSION = YES;
				CLANG_WARN_INFINITE_RECURSION = YES;
				CLANG_WARN_INT_CONVERSION = YES;
				CLANG_WARN_NON_LITERAL_NULL_CONVERSION = YES;
				CLANG_WARN_OBJC_IMPLICIT_RETAIN_SELF = YES;
				CLANG_WARN_OBJC_LITERAL_CONVERSION = YES;
				CLANG_WARN_OBJC_ROOT_CLASS = YES_ERROR;
				CLANG_WARN_QUOTED_INCLUDE_IN_FRAMEWORK_HEADER = YES;
				CLANG_WARN_RANGE_LOOP_ANALYSIS = YES;
				CLANG_WARN_STRICT_PROTOTYPES = YES;
				CLANG_WARN_SUSPICIOUS_MOVE = YES;
				CLANG_WARN_UNGUARDED_AVAILABILITY = YES_AGGRESSIVE;
				CLANG_WARN_UNREACHABLE_CODE = YES;
				CLANG_WARN__DUPLICATE_METHOD_MATCH = YES;
				COPY_PHASE_STRIP = NO;
				DEBUG_INFORMATION_FORMAT = dwarf;
				ENABLE_STRICT_OBJC_MSGSEND = YES;
				ENABLE_TESTABILITY = YES;
				ENABLE_USER_SCRIPT_SANDBOXING = YES;
				GCC_C_LANGUAGE_STANDARD = gnu17;
				GCC_DYNAMIC_NO_PIC = NO;
				GCC_NO_COMMON_BLOCKS = YES;
				GCC_OPTIMIZATION_LEVEL = 0;
				GCC_PREPROCESSOR_DEFINITIONS = (
					"DEBUG=1",
					"$(inherited)",
				);
				GCC_WARN_64_TO_32_BIT_CONVERSION = YES;
				GCC_WARN_ABOUT_RETURN_TYPE = YES_ERROR;
				GCC_WARN_UNDECLARED_SELECTOR = YES;
				GCC_WARN_UNINITIALIZED_AUTOS = YES_AGGRESSIVE;
				GCC_WARN_UNUSED_FUNCTION = YES;
				GCC_WARN_UNUSED_VARIABLE = YES;
				IPHONEOS_DEPLOYMENT_TARGET = 18.2;
				LOCALIZATION_PREFERS_STRING_CATALOGS = YES;
				MTL_ENABLE_DEBUG_INFO = INCLUDE_SOURCE;
				MTL_FAST_MATH = YES;
				ONLY_ACTIVE_ARCH = YES;
				SDKROOT = iphoneos;
				SWIFT_ACTIVE_COMPILATION_CONDITIONS = "DEBUG $(inherited)";
				SWIFT_OPTIMIZATION_LEVEL = "-Onone";
			};
			name = Debug;
		};
		8A28BD512D5F9053003F5E80 /* Release */ = {
			isa = XCBuildConfiguration;
			buildSettings = {
				ALWAYS_SEARCH_USER_PATHS = NO;
				ASSETCATALOG_COMPILER_GENERATE_SWIFT_ASSET_SYMBOL_EXTENSIONS = YES;
				CLANG_ANALYZER_NONNULL = YES;
				CLANG_ANALYZER_NUMBER_OBJECT_CONVERSION = YES_AGGRESSIVE;
				CLANG_CXX_LANGUAGE_STANDARD = "gnu++20";
				CLANG_ENABLE_MODULES = YES;
				CLANG_ENABLE_OBJC_ARC = YES;
				CLANG_ENABLE_OBJC_WEAK = YES;
				CLANG_WARN_BLOCK_CAPTURE_AUTORELEASING = YES;
				CLANG_WARN_BOOL_CONVERSION = YES;
				CLANG_WARN_COMMA = YES;
				CLANG_WARN_CONSTANT_CONVERSION = YES;
				CLANG_WARN_DEPRECATED_OBJC_IMPLEMENTATIONS = YES;
				CLANG_WARN_DIRECT_OBJC_ISA_USAGE = YES_ERROR;
				CLANG_WARN_DOCUMENTATION_COMMENTS = YES;
				CLANG_WARN_EMPTY_BODY = YES;
				CLANG_WARN_ENUM_CONVERSION = YES;
				CLANG_WARN_INFINITE_RECURSION = YES;
				CLANG_WARN_INT_CONVERSION = YES;
				CLANG_WARN_NON_LITERAL_NULL_CONVERSION = YES;
				CLANG_WARN_OBJC_IMPLICIT_RETAIN_SELF = YES;
				CLANG_WARN_OBJC_LITERAL_CONVERSION = YES;
				CLANG_WARN_OBJC_ROOT_CLASS = YES_ERROR;
				CLANG_WARN_QUOTED_INCLUDE_IN_FRAMEWORK_HEADER = YES;
				CLANG_WARN_RANGE_LOOP_ANALYSIS = YES;
				CLANG_WARN_STRICT_PROTOTYPES = YES;
				CLANG_WARN_SUSPICIOUS_MOVE = YES;
				CLANG_WARN_UNGUARDED_AVAILABILITY = YES_AGGRESSIVE;
				CLANG_WARN_UNREACHABLE_CODE = YES;
				CLANG_WARN__DUPLICATE_METHOD_MATCH = YES;
				COPY_PHASE_STRIP = NO;
				DEBUG_INFORMATION_FORMAT = "dwarf-with-dsym";
				ENABLE_NS_ASSERTIONS = NO;
				ENABLE_STRICT_OBJC_MSGSEND = YES;
				ENABLE_USER_SCRIPT_SANDBOXING = YES;
				GCC_C_LANGUAGE_STANDARD = gnu17;
				GCC_NO_COMMON_BLOCKS = YES;
				GCC_WARN_64_TO_32_BIT_CONVERSION = YES;
				GCC_WARN_ABOUT_RETURN_TYPE = YES_ERROR;
				GCC_WARN_UNDECLARED_SELECTOR = YES;
				GCC_WARN_UNINITIALIZED_AUTOS = YES_AGGRESSIVE;
				GCC_WARN_UNUSED_FUNCTION = YES;
				GCC_WARN_UNUSED_VARIABLE = YES;
				IPHONEOS_DEPLOYMENT_TARGET = 18.2;
				LOCALIZATION_PREFERS_STRING_CATALOGS = YES;
				MTL_ENABLE_DEBUG_INFO = NO;
				MTL_FAST_MATH = YES;
				SDKROOT = iphoneos;
				SWIFT_COMPILATION_MODE = wholemodule;
				VALIDATE_PRODUCT = YES;
			};
			name = Release;
		};
		8A28BD532D5F9053003F5E80 /* Debug */ = {
			isa = XCBuildConfiguration;
			buildSettings = {
				ASSETCATALOG_COMPILER_APPICON_NAME = AppIcon;
				ASSETCATALOG_COMPILER_GLOBAL_ACCENT_COLOR_NAME = AccentColor;
				CODE_SIGN_STYLE = Automatic;
				CURRENT_PROJECT_VERSION = 1;
				DEVELOPMENT_ASSET_PATHS = "\"CountriesApp/Preview Content\"";
				DEVELOPMENT_TEAM = KF2KVXY9S6;
				ENABLE_PREVIEWS = YES;
				GENERATE_INFOPLIST_FILE = YES;
				INFOPLIST_KEY_UIApplicationSceneManifest_Generation = YES;
				INFOPLIST_KEY_UIApplicationSupportsIndirectInputEvents = YES;
				INFOPLIST_KEY_UILaunchScreen_Generation = YES;
				INFOPLIST_KEY_UISupportedInterfaceOrientations_iPad = "UIInterfaceOrientationPortrait UIInterfaceOrientationPortraitUpsideDown UIInterfaceOrientationLandscapeLeft UIInterfaceOrientationLandscapeRight";
				INFOPLIST_KEY_UISupportedInterfaceOrientations_iPhone = "UIInterfaceOrientationPortrait UIInterfaceOrientationLandscapeLeft UIInterfaceOrientationLandscapeRight";
				LD_RUNPATH_SEARCH_PATHS = (
					"$(inherited)",
					"@executable_path/Frameworks",
				);
				MARKETING_VERSION = 1.0;
				PRODUCT_BUNDLE_IDENTIFIER = larissamagalhaes.CountriesApp;
				PRODUCT_NAME = "$(TARGET_NAME)";
				SWIFT_EMIT_LOC_STRINGS = YES;
				SWIFT_VERSION = 5.0;
				TARGETED_DEVICE_FAMILY = "1,2";
			};
			name = Debug;
		};
		8A28BD542D5F9053003F5E80 /* Release */ = {
			isa = XCBuildConfiguration;
			buildSettings = {
				ASSETCATALOG_COMPILER_APPICON_NAME = AppIcon;
				ASSETCATALOG_COMPILER_GLOBAL_ACCENT_COLOR_NAME = AccentColor;
				CODE_SIGN_STYLE = Automatic;
				CURRENT_PROJECT_VERSION = 1;
				DEVELOPMENT_ASSET_PATHS = "\"CountriesApp/Preview Content\"";
				DEVELOPMENT_TEAM = KF2KVXY9S6;
				ENABLE_PREVIEWS = YES;
				GENERATE_INFOPLIST_FILE = YES;
				INFOPLIST_KEY_UIApplicationSceneManifest_Generation = YES;
				INFOPLIST_KEY_UIApplicationSupportsIndirectInputEvents = YES;
				INFOPLIST_KEY_UILaunchScreen_Generation = YES;
				INFOPLIST_KEY_UISupportedInterfaceOrientations_iPad = "UIInterfaceOrientationPortrait UIInterfaceOrientationPortraitUpsideDown UIInterfaceOrientationLandscapeLeft UIInterfaceOrientationLandscapeRight";
				INFOPLIST_KEY_UISupportedInterfaceOrientations_iPhone = "UIInterfaceOrientationPortrait UIInterfaceOrientationLandscapeLeft UIInterfaceOrientationLandscapeRight";
				LD_RUNPATH_SEARCH_PATHS = (
					"$(inherited)",
					"@executable_path/Frameworks",
				);
				MARKETING_VERSION = 1.0;
				PRODUCT_BUNDLE_IDENTIFIER = larissamagalhaes.CountriesApp;
				PRODUCT_NAME = "$(TARGET_NAME)";
				SWIFT_EMIT_LOC_STRINGS = YES;
				SWIFT_VERSION = 5.0;
				TARGETED_DEVICE_FAMILY = "1,2";
			};
			name = Release;
		};
		8A28BD562D5F9053003F5E80 /* Debug */ = {
			isa = XCBuildConfiguration;
			buildSettings = {
				BUNDLE_LOADER = "$(TEST_HOST)";
				CODE_SIGN_STYLE = Automatic;
				CURRENT_PROJECT_VERSION = 1;
				DEVELOPMENT_TEAM = KF2KVXY9S6;
				GENERATE_INFOPLIST_FILE = YES;
				IPHONEOS_DEPLOYMENT_TARGET = 18.2;
				MARKETING_VERSION = 1.0;
				PRODUCT_BUNDLE_IDENTIFIER = larissamagalhaes.CountriesAppTests;
				PRODUCT_NAME = "$(TARGET_NAME)";
				SWIFT_EMIT_LOC_STRINGS = NO;
				SWIFT_VERSION = 5.0;
				TARGETED_DEVICE_FAMILY = "1,2";
				TEST_HOST = "$(BUILT_PRODUCTS_DIR)/CountriesApp.app/$(BUNDLE_EXECUTABLE_FOLDER_PATH)/CountriesApp";
			};
			name = Debug;
		};
		8A28BD572D5F9053003F5E80 /* Release */ = {
			isa = XCBuildConfiguration;
			buildSettings = {
				BUNDLE_LOADER = "$(TEST_HOST)";
				CODE_SIGN_STYLE = Automatic;
				CURRENT_PROJECT_VERSION = 1;
				DEVELOPMENT_TEAM = KF2KVXY9S6;
				GENERATE_INFOPLIST_FILE = YES;
				IPHONEOS_DEPLOYMENT_TARGET = 18.2;
				MARKETING_VERSION = 1.0;
				PRODUCT_BUNDLE_IDENTIFIER = larissamagalhaes.CountriesAppTests;
				PRODUCT_NAME = "$(TARGET_NAME)";
				SWIFT_EMIT_LOC_STRINGS = NO;
				SWIFT_VERSION = 5.0;
				TARGETED_DEVICE_FAMILY = "1,2";
				TEST_HOST = "$(BUILT_PRODUCTS_DIR)/CountriesApp.app/$(BUNDLE_EXECUTABLE_FOLDER_PATH)/CountriesApp";
			};
			name = Release;
		};
		8A28BD592D5F9053003F5E80 /* Debug */ = {
			isa = XCBuildConfiguration;
			buildSettings = {
				CODE_SIGN_STYLE = Automatic;
				CURRENT_PROJECT_VERSION = 1;
				DEVELOPMENT_TEAM = KF2KVXY9S6;
				GENERATE_INFOPLIST_FILE = YES;
				MARKETING_VERSION = 1.0;
				PRODUCT_BUNDLE_IDENTIFIER = larissamagalhaes.CountriesAppUITests;
				PRODUCT_NAME = "$(TARGET_NAME)";
				SWIFT_EMIT_LOC_STRINGS = NO;
				SWIFT_VERSION = 5.0;
				TARGETED_DEVICE_FAMILY = "1,2";
				TEST_TARGET_NAME = CountriesApp;
			};
			name = Debug;
		};
		8A28BD5A2D5F9053003F5E80 /* Release */ = {
			isa = XCBuildConfiguration;
			buildSettings = {
				CODE_SIGN_STYLE = Automatic;
				CURRENT_PROJECT_VERSION = 1;
				DEVELOPMENT_TEAM = KF2KVXY9S6;
				GENERATE_INFOPLIST_FILE = YES;
				MARKETING_VERSION = 1.0;
				PRODUCT_BUNDLE_IDENTIFIER = larissamagalhaes.CountriesAppUITests;
				PRODUCT_NAME = "$(TARGET_NAME)";
				SWIFT_EMIT_LOC_STRINGS = NO;
				SWIFT_VERSION = 5.0;
				TARGETED_DEVICE_FAMILY = "1,2";
				TEST_TARGET_NAME = CountriesApp;
			};
			name = Release;
		};
/* End XCBuildConfiguration section */

/* Begin XCConfigurationList section */
		8A28BD292D5F9052003F5E80 /* Build configuration list for PBXProject "CountriesApp" */ = {
			isa = XCConfigurationList;
			buildConfigurations = (
				8A28BD502D5F9053003F5E80 /* Debug */,
				8A28BD512D5F9053003F5E80 /* Release */,
			);
			defaultConfigurationIsVisible = 0;
			defaultConfigurationName = Release;
		};
		8A28BD522D5F9053003F5E80 /* Build configuration list for PBXNativeTarget "CountriesApp" */ = {
			isa = XCConfigurationList;
			buildConfigurations = (
				8A28BD532D5F9053003F5E80 /* Debug */,
				8A28BD542D5F9053003F5E80 /* Release */,
			);
			defaultConfigurationIsVisible = 0;
			defaultConfigurationName = Release;
		};
		8A28BD552D5F9053003F5E80 /* Build configuration list for PBXNativeTarget "CountriesAppTests" */ = {
			isa = XCConfigurationList;
			buildConfigurations = (
				8A28BD562D5F9053003F5E80 /* Debug */,
				8A28BD572D5F9053003F5E80 /* Release */,
			);
			defaultConfigurationIsVisible = 0;
			defaultConfigurationName = Release;
		};
		8A28BD582D5F9053003F5E80 /* Build configuration list for PBXNativeTarget "CountriesAppUITests" */ = {
			isa = XCConfigurationList;
			buildConfigurations = (
				8A28BD592D5F9053003F5E80 /* Debug */,
				8A28BD5A2D5F9053003F5E80 /* Release */,
			);
			defaultConfigurationIsVisible = 0;
			defaultConfigurationName = Release;
		};
/* End XCConfigurationList section */
	};
	rootObject = 8A28BD262D5F9052003F5E80 /* Project object */;
}
